PODS:
  - GoogleMaps (1.13.2)
  - SwiftyJSON (2.3.2)

DEPENDENCIES:
  - GoogleMaps
  - SwiftyJSON

SPEC CHECKSUMS:
  GoogleMaps: b20a103ff307f58392e603cf142e59d7e30374c1
  SwiftyJSON: 04ccea08915aa0109039157c7974cf0298da292a

PODFILE CHECKSUM: 5354032c46e09aec373bfb1f466e7a700901fc16

COCOAPODS: 1.0.1
